// !$*UTF8*$!
{
	archiveVersion = 1;
	classes = {
	};
	objectVersion = 46;
	objects = {

/* Begin PBXBuildFile section */
		00E356F31AD99517003FC87E /* ftfAppTests.m in Sources */ = {isa = PBXBuildFile; fileRef = 00E356F21AD99517003FC87E /* ftfAppTests.m */; };
		13B07FBC1A68108700A75B9A /* AppDelegate.m in Sources */ = {isa = PBXBuildFile; fileRef = 13B07FB01A68108700A75B9A /* AppDelegate.m */; };
		13B07FBF1A68108700A75B9A /* Images.xcassets in Resources */ = {isa = PBXBuildFile; fileRef = 13B07FB51A68108700A75B9A /* Images.xcassets */; };
		187C7CB089D74B21A3753C2D /* Microsoft Sans Serif.ttf in Resources */ = {isa = PBXBuildFile; fileRef = B387B7AC1D1C47F595C6D36A /* Microsoft Sans Serif.ttf */; };
		1EDA38FA18114D1E8E09AC70 /* Arial Black.ttf in Resources */ = {isa = PBXBuildFile; fileRef = 66976FAB044E4AE482DDD7F8 /* Arial Black.ttf */; };
		50E55B64DFAB4BE29EE0348E /* Georgia.ttf in Resources */ = {isa = PBXBuildFile; fileRef = 81C499092DF5431AB319C94E /* Georgia.ttf */; };
		5EC61BCF0ED9441D8C203C9D /* Times New Roman.ttf in Resources */ = {isa = PBXBuildFile; fileRef = E450FFE5D8B945F38842C66A /* Times New Roman.ttf */; };
		84B24CB57F1F4A139998600A /* Comic Sans MS.ttf in Resources */ = {isa = PBXBuildFile; fileRef = DA145D34B866444599B0452D /* Comic Sans MS.ttf */; };
		8B54B15C1DDF43B1008983F5 /* splash-sound.wav in Resources */ = {isa = PBXBuildFile; fileRef = 8B54B15B1DDF43B1008983F5 /* splash-sound.wav */; };
		9585C578524248F1A63FD7E6 /* Arial.ttf in Resources */ = {isa = PBXBuildFile; fileRef = 6BF2590A9F0A4A818926D8C7 /* Arial.ttf */; };
		A1D57E612D4C454AAF5986E8 /* Skia.ttf in Resources */ = {isa = PBXBuildFile; fileRef = 58018C511B8640C7B627D0A2 /* Skia.ttf */; };
		B2AA183A72F24F27A50BD6E3 /* Roboto_medium.ttf in Resources */ = {isa = PBXBuildFile; fileRef = B6267909D2C7441CA8E80757 /* Roboto_medium.ttf */; };
		B2C7160582554EC2ACD0A9B9 /* libRCTOrientation.a in Frameworks */ = {isa = PBXBuildFile; fileRef = D596DB9833454A0EBC8B19D8 /* libRCTOrientation.a */; };
		B62EA705B59C4B9FAA73DE4D /* Courier New.ttf in Resources */ = {isa = PBXBuildFile; fileRef = AE8C9E4310D44FD2B84D6AD7 /* Courier New.ttf */; };
		C4AA4B3CF9034B7FAF3E5075 /* libRCTVideo.a in Frameworks */ = {isa = PBXBuildFile; fileRef = 8E28306560DB403D8F3A3325 /* libRCTVideo.a */; };
		C911A748F92344799B8E2779 /* Roboto.ttf in Resources */ = {isa = PBXBuildFile; fileRef = BCD312AB7F3844D0BD983024 /* Roboto.ttf */; };
		CB454DBBB1A34BFFB6366E2E /* libRNAudioPlayer.a in Frameworks */ = {isa = PBXBuildFile; fileRef = 6740A609677949F6B507ECAD /* libRNAudioPlayer.a */; };
		D21F71759B7C4402A84B14F4 /* libReactNativeAudioStreaming.a in Frameworks */ = {isa = PBXBuildFile; fileRef = A541E39606CA4A328AC06AF7 /* libReactNativeAudioStreaming.a */; };
		D588FA74C4C54A028F89EFF7 /* Andale Mono.ttf in Resources */ = {isa = PBXBuildFile; fileRef = A705B8C8C03549CDAD4605F0 /* Andale Mono.ttf */; };
		DCD036F2EA8A4473AFE0E7B0 /* libRCTSplashScreen.a in Frameworks */ = {isa = PBXBuildFile; fileRef = DD88BC2DE69440B5B6C8085F /* libRCTSplashScreen.a */; };
		F8912D42B0C74E5194FCED42 /* SF-UI-Text-Regular.otf in Resources */ = {isa = PBXBuildFile; fileRef = D8901ABCF16749DA8E3E504F /* SF-UI-Text-Regular.otf */; };
/* End PBXBuildFile section */

/* Begin PBXContainerItemProxy section */
		00E356F41AD99517003FC87E /* PBXContainerItemProxy */ = {
			isa = PBXContainerItemProxy;
			containerPortal = 83CBB9F71A601CBA00E9B192 /* Project object */;
			proxyType = 1;
			remoteGlobalIDString = 13B07F861A680F5B00A75B9A;
			remoteInfo = ftfApp;
		};
		8BD401151DE477060003EFBF /* PBXContainerItemProxy */ = {
			isa = PBXContainerItemProxy;
			containerPortal = 5181F6B782864E5593BFE02F /* ReactNativeAudioStreaming.xcodeproj */;
			proxyType = 2;
			remoteGlobalIDString = 134814201AA4EA6300B7C361;
			remoteInfo = ReactNativeAudioStreaming;
		};
		8BD4011F1DE47D910003EFBF /* PBXContainerItemProxy */ = {
			isa = PBXContainerItemProxy;
			containerPortal = BE3EDB09F9F0477596CE3C40 /* RCTOrientation.xcodeproj */;
			proxyType = 2;
			remoteGlobalIDString = 134814201AA4EA6300B7C361;
			remoteInfo = RCTOrientation;
		};
		8BD401221DE47D910003EFBF /* PBXContainerItemProxy */ = {
			isa = PBXContainerItemProxy;
			containerPortal = 344B91272E214B4AB4F2F7BD /* RCTSplashScreen.xcodeproj */;
			proxyType = 2;
			remoteGlobalIDString = 3245CDED1BFEE35C00EABF68;
			remoteInfo = RCTSplashScreen;
		};
		8BD401271DE47D910003EFBF /* PBXContainerItemProxy */ = {
			isa = PBXContainerItemProxy;
			containerPortal = D8C61978EDBF4CE782612391 /* RNAudioPlayer.xcodeproj */;
			proxyType = 2;
			remoteGlobalIDString = EBE79C421B01EB5A00446766;
			remoteInfo = RNAudioPlayer;
		};
		8BD401291DE47D910003EFBF /* PBXContainerItemProxy */ = {
			isa = PBXContainerItemProxy;
			containerPortal = D8C61978EDBF4CE782612391 /* RNAudioPlayer.xcodeproj */;
			proxyType = 2;
			remoteGlobalIDString = EBE79C4D1B01EB5B00446766;
			remoteInfo = RNAudioPlayerTests;
		};
		8BD401341DE47DEA0003EFBF /* PBXContainerItemProxy */ = {
			isa = PBXContainerItemProxy;
			containerPortal = 0354958DF28C4CBAA72B8AC6 /* RCTVideo.xcodeproj */;
			proxyType = 2;
			remoteGlobalIDString = 134814201AA4EA6300B7C361;
			remoteInfo = RCTVideo;
		};
/* End PBXContainerItemProxy section */

/* Begin PBXFileReference section */
		008F07F21AC5B25A0029DE68 /* main.jsbundle */ = {isa = PBXFileReference; fileEncoding = 4; lastKnownFileType = text; path = main.jsbundle; sourceTree = "<group>"; };
		00E356EE1AD99517003FC87E /* ftfAppTests.xctest */ = {isa = PBXFileReference; explicitFileType = wrapper.cfbundle; includeInIndex = 0; path = ftfAppTests.xctest; sourceTree = BUILT_PRODUCTS_DIR; };
		00E356F11AD99517003FC87E /* Info.plist */ = {isa = PBXFileReference; lastKnownFileType = text.plist.xml; path = Info.plist; sourceTree = "<group>"; };
		00E356F21AD99517003FC87E /* ftfAppTests.m */ = {isa = PBXFileReference; lastKnownFileType = sourcecode.c.objc; path = ftfAppTests.m; sourceTree = "<group>"; };
		0354958DF28C4CBAA72B8AC6 /* RCTVideo.xcodeproj */ = {isa = PBXFileReference; explicitFileType = undefined; fileEncoding = 9; includeInIndex = 0; lastKnownFileType = "wrapper.pb-project"; name = RCTVideo.xcodeproj; path = "../node_modules/react-native-video/RCTVideo.xcodeproj"; sourceTree = "<group>"; };
		13B07F961A680F5B00A75B9A /* ftfApp.app */ = {isa = PBXFileReference; explicitFileType = wrapper.application; includeInIndex = 0; path = ftfApp.app; sourceTree = BUILT_PRODUCTS_DIR; };
		13B07FAF1A68108700A75B9A /* AppDelegate.h */ = {isa = PBXFileReference; fileEncoding = 4; lastKnownFileType = sourcecode.c.h; name = AppDelegate.h; path = ftfApp/AppDelegate.h; sourceTree = "<group>"; };
		13B07FB01A68108700A75B9A /* AppDelegate.m */ = {isa = PBXFileReference; fileEncoding = 4; lastKnownFileType = sourcecode.c.objc; name = AppDelegate.m; path = ftfApp/AppDelegate.m; sourceTree = "<group>"; };
		13B07FB51A68108700A75B9A /* Images.xcassets */ = {isa = PBXFileReference; lastKnownFileType = folder.assetcatalog; name = Images.xcassets; path = ftfApp/Images.xcassets; sourceTree = "<group>"; };
		13B07FB61A68108700A75B9A /* Info.plist */ = {isa = PBXFileReference; fileEncoding = 4; lastKnownFileType = text.plist.xml; name = Info.plist; path = ftfApp/Info.plist; sourceTree = "<group>"; };
		13B07FB71A68108700A75B9A /* main.m */ = {isa = PBXFileReference; fileEncoding = 4; lastKnownFileType = sourcecode.c.objc; name = main.m; path = ftfApp/main.m; sourceTree = "<group>"; };
		344B91272E214B4AB4F2F7BD /* RCTSplashScreen.xcodeproj */ = {isa = PBXFileReference; explicitFileType = undefined; fileEncoding = 9; includeInIndex = 0; lastKnownFileType = "wrapper.pb-project"; name = RCTSplashScreen.xcodeproj; path = "../node_modules/rn-splash-screen/ios/RCTSplashScreen.xcodeproj"; sourceTree = "<group>"; };
		5181F6B782864E5593BFE02F /* ReactNativeAudioStreaming.xcodeproj */ = {isa = PBXFileReference; explicitFileType = undefined; fileEncoding = 9; includeInIndex = 0; lastKnownFileType = "wrapper.pb-project"; name = ReactNativeAudioStreaming.xcodeproj; path = "../node_modules/react-native-audio-streaming/ios/ReactNativeAudioStreaming.xcodeproj"; sourceTree = "<group>"; };
		58018C511B8640C7B627D0A2 /* Skia.ttf */ = {isa = PBXFileReference; explicitFileType = undefined; fileEncoding = 9; includeInIndex = 0; lastKnownFileType = unknown; name = Skia.ttf; path = "../node_modules/native-base/Fonts/Skia.ttf"; sourceTree = "<group>"; };
		66976FAB044E4AE482DDD7F8 /* Arial Black.ttf */ = {isa = PBXFileReference; explicitFileType = undefined; fileEncoding = 9; includeInIndex = 0; lastKnownFileType = unknown; name = "Arial Black.ttf"; path = "../node_modules/native-base/Fonts/Arial Black.ttf"; sourceTree = "<group>"; };
		6740A609677949F6B507ECAD /* libRNAudioPlayer.a */ = {isa = PBXFileReference; explicitFileType = undefined; fileEncoding = 9; includeInIndex = 0; lastKnownFileType = archive.ar; path = libRNAudioPlayer.a; sourceTree = "<group>"; };
		6BF2590A9F0A4A818926D8C7 /* Arial.ttf */ = {isa = PBXFileReference; explicitFileType = undefined; fileEncoding = 9; includeInIndex = 0; lastKnownFileType = unknown; name = Arial.ttf; path = "../node_modules/native-base/Fonts/Arial.ttf"; sourceTree = "<group>"; };
		81C499092DF5431AB319C94E /* Georgia.ttf */ = {isa = PBXFileReference; explicitFileType = undefined; fileEncoding = 9; includeInIndex = 0; lastKnownFileType = unknown; name = Georgia.ttf; path = "../node_modules/native-base/Fonts/Georgia.ttf"; sourceTree = "<group>"; };
		8B54B15B1DDF43B1008983F5 /* splash-sound.wav */ = {isa = PBXFileReference; lastKnownFileType = audio.wav; name = "splash-sound.wav"; path = "ftfApp/splash-sound.wav"; sourceTree = "<group>"; };
		8E28306560DB403D8F3A3325 /* libRCTVideo.a */ = {isa = PBXFileReference; explicitFileType = undefined; fileEncoding = 9; includeInIndex = 0; lastKnownFileType = archive.ar; path = libRCTVideo.a; sourceTree = "<group>"; };
		A541E39606CA4A328AC06AF7 /* libReactNativeAudioStreaming.a */ = {isa = PBXFileReference; explicitFileType = undefined; fileEncoding = 9; includeInIndex = 0; lastKnownFileType = archive.ar; path = libReactNativeAudioStreaming.a; sourceTree = "<group>"; };
		A705B8C8C03549CDAD4605F0 /* Andale Mono.ttf */ = {isa = PBXFileReference; explicitFileType = undefined; fileEncoding = 9; includeInIndex = 0; lastKnownFileType = unknown; name = "Andale Mono.ttf"; path = "../node_modules/native-base/Fonts/Andale Mono.ttf"; sourceTree = "<group>"; };
		AE8C9E4310D44FD2B84D6AD7 /* Courier New.ttf */ = {isa = PBXFileReference; explicitFileType = undefined; fileEncoding = 9; includeInIndex = 0; lastKnownFileType = unknown; name = "Courier New.ttf"; path = "../node_modules/native-base/Fonts/Courier New.ttf"; sourceTree = "<group>"; };
		B387B7AC1D1C47F595C6D36A /* Microsoft Sans Serif.ttf */ = {isa = PBXFileReference; explicitFileType = undefined; fileEncoding = 9; includeInIndex = 0; lastKnownFileType = unknown; name = "Microsoft Sans Serif.ttf"; path = "../node_modules/native-base/Fonts/Microsoft Sans Serif.ttf"; sourceTree = "<group>"; };
		B6267909D2C7441CA8E80757 /* Roboto_medium.ttf */ = {isa = PBXFileReference; explicitFileType = undefined; fileEncoding = 9; includeInIndex = 0; lastKnownFileType = unknown; name = Roboto_medium.ttf; path = "../node_modules/native-base/Fonts/Roboto_medium.ttf"; sourceTree = "<group>"; };
		BCD312AB7F3844D0BD983024 /* Roboto.ttf */ = {isa = PBXFileReference; explicitFileType = undefined; fileEncoding = 9; includeInIndex = 0; lastKnownFileType = unknown; name = Roboto.ttf; path = "../node_modules/native-base/Fonts/Roboto.ttf"; sourceTree = "<group>"; };
		BE3EDB09F9F0477596CE3C40 /* RCTOrientation.xcodeproj */ = {isa = PBXFileReference; explicitFileType = undefined; fileEncoding = 9; includeInIndex = 0; lastKnownFileType = "wrapper.pb-project"; name = RCTOrientation.xcodeproj; path = "../node_modules/react-native-orientation/iOS/RCTOrientation.xcodeproj"; sourceTree = "<group>"; };
		D596DB9833454A0EBC8B19D8 /* libRCTOrientation.a */ = {isa = PBXFileReference; explicitFileType = undefined; fileEncoding = 9; includeInIndex = 0; lastKnownFileType = archive.ar; path = libRCTOrientation.a; sourceTree = "<group>"; };
		D8901ABCF16749DA8E3E504F /* SF-UI-Text-Regular.otf */ = {isa = PBXFileReference; explicitFileType = undefined; fileEncoding = 9; includeInIndex = 0; lastKnownFileType = unknown; name = "SF-UI-Text-Regular.otf"; path = "../node_modules/native-base/Fonts/SF-UI-Text-Regular.otf"; sourceTree = "<group>"; };
		D8C61978EDBF4CE782612391 /* RNAudioPlayer.xcodeproj */ = {isa = PBXFileReference; explicitFileType = undefined; fileEncoding = 9; includeInIndex = 0; lastKnownFileType = "wrapper.pb-project"; name = RNAudioPlayer.xcodeproj; path = "../node_modules/react-native-audioplayer/RNAudioPlayer.xcodeproj"; sourceTree = "<group>"; };
		DA145D34B866444599B0452D /* Comic Sans MS.ttf */ = {isa = PBXFileReference; explicitFileType = undefined; fileEncoding = 9; includeInIndex = 0; lastKnownFileType = unknown; name = "Comic Sans MS.ttf"; path = "../node_modules/native-base/Fonts/Comic Sans MS.ttf"; sourceTree = "<group>"; };
		DD88BC2DE69440B5B6C8085F /* libRCTSplashScreen.a */ = {isa = PBXFileReference; explicitFileType = undefined; fileEncoding = 9; includeInIndex = 0; lastKnownFileType = archive.ar; path = libRCTSplashScreen.a; sourceTree = "<group>"; };
		E450FFE5D8B945F38842C66A /* Times New Roman.ttf */ = {isa = PBXFileReference; explicitFileType = undefined; fileEncoding = 9; includeInIndex = 0; lastKnownFileType = unknown; name = "Times New Roman.ttf"; path = "../node_modules/native-base/Fonts/Times New Roman.ttf"; sourceTree = "<group>"; };
/* End PBXFileReference section */

/* Begin PBXFrameworksBuildPhase section */
		00E356EB1AD99517003FC87E /* Frameworks */ = {
			isa = PBXFrameworksBuildPhase;
			buildActionMask = 2147483647;
			files = (
			);
			runOnlyForDeploymentPostprocessing = 0;
		};
		13B07F8C1A680F5B00A75B9A /* Frameworks */ = {
			isa = PBXFrameworksBuildPhase;
			buildActionMask = 2147483647;
			files = (
				C4AA4B3CF9034B7FAF3E5075 /* libRCTVideo.a in Frameworks */,
				DCD036F2EA8A4473AFE0E7B0 /* libRCTSplashScreen.a in Frameworks */,
				B2C7160582554EC2ACD0A9B9 /* libRCTOrientation.a in Frameworks */,
				D21F71759B7C4402A84B14F4 /* libReactNativeAudioStreaming.a in Frameworks */,
				CB454DBBB1A34BFFB6366E2E /* libRNAudioPlayer.a in Frameworks */,
			);
			runOnlyForDeploymentPostprocessing = 0;
		};
/* End PBXFrameworksBuildPhase section */

/* Begin PBXGroup section */
		00E356EF1AD99517003FC87E /* ftfAppTests */ = {
			isa = PBXGroup;
			children = (
				00E356F21AD99517003FC87E /* ftfAppTests.m */,
				00E356F01AD99517003FC87E /* Supporting Files */,
			);
			path = ftfAppTests;
			sourceTree = "<group>";
		};
		00E356F01AD99517003FC87E /* Supporting Files */ = {
			isa = PBXGroup;
			children = (
				00E356F11AD99517003FC87E /* Info.plist */,
			);
			name = "Supporting Files";
			sourceTree = "<group>";
		};
		13B07FAE1A68108700A75B9A /* ftfApp */ = {
			isa = PBXGroup;
			children = (
				8B54B15B1DDF43B1008983F5 /* splash-sound.wav */,
				008F07F21AC5B25A0029DE68 /* main.jsbundle */,
				13B07FAF1A68108700A75B9A /* AppDelegate.h */,
				13B07FB01A68108700A75B9A /* AppDelegate.m */,
				13B07FB51A68108700A75B9A /* Images.xcassets */,
				13B07FB61A68108700A75B9A /* Info.plist */,
				13B07FB71A68108700A75B9A /* main.m */,
			);
			name = ftfApp;
			sourceTree = "<group>";
		};
		832341AE1AAA6A7D00B99B32 /* Libraries */ = {
			isa = PBXGroup;
			children = (
				5181F6B782864E5593BFE02F /* ReactNativeAudioStreaming.xcodeproj */,
				D8C61978EDBF4CE782612391 /* RNAudioPlayer.xcodeproj */,
				BE3EDB09F9F0477596CE3C40 /* RCTOrientation.xcodeproj */,
				344B91272E214B4AB4F2F7BD /* RCTSplashScreen.xcodeproj */,
				0354958DF28C4CBAA72B8AC6 /* RCTVideo.xcodeproj */,
			);
			name = Libraries;
			sourceTree = "<group>";
		};
		83CBB9F61A601CBA00E9B192 = {
			isa = PBXGroup;
			children = (
				13B07FAE1A68108700A75B9A /* ftfApp */,
				832341AE1AAA6A7D00B99B32 /* Libraries */,
				00E356EF1AD99517003FC87E /* ftfAppTests */,
				83CBBA001A601CBA00E9B192 /* Products */,
				C066BAA5E85C4968B10FCF66 /* Resources */,
			);
			indentWidth = 2;
			sourceTree = "<group>";
			tabWidth = 2;
		};
		83CBBA001A601CBA00E9B192 /* Products */ = {
			isa = PBXGroup;
			children = (
				13B07F961A680F5B00A75B9A /* ftfApp.app */,
				00E356EE1AD99517003FC87E /* ftfAppTests.xctest */,
			);
			name = Products;
			sourceTree = "<group>";
		};
		8BD401121DE477060003EFBF /* Products */ = {
			isa = PBXGroup;
			children = (
				8BD401161DE477060003EFBF /* libReactNativeAudioStreaming.a */,
			);
			name = Products;
			sourceTree = "<group>";
		};
		8BD401181DE47D910003EFBF /* Products */ = {
			isa = PBXGroup;
			children = (
				8BD401281DE47D910003EFBF /* libRNAudioPlayer.a */,
				8BD4012A1DE47D910003EFBF /* RNAudioPlayerTests.xctest */,
			);
			name = Products;
			sourceTree = "<group>";
		};
		8BD4011A1DE47D910003EFBF /* Products */ = {
			isa = PBXGroup;
			children = (
				8BD401201DE47D910003EFBF /* libRCTOrientation.a */,
			);
			name = Products;
			sourceTree = "<group>";
		};
		8BD4011C1DE47D910003EFBF /* Products */ = {
			isa = PBXGroup;
			children = (
				8BD401231DE47D910003EFBF /* libRCTSplashScreen.a */,
			);
			name = Products;
			sourceTree = "<group>";
		};
		8BD4012F1DE47DE90003EFBF /* Products */ = {
			isa = PBXGroup;
			children = (
				8BD401351DE47DEA0003EFBF /* libRCTVideo.a */,
			);
			name = Products;
			sourceTree = "<group>";
		};
		C066BAA5E85C4968B10FCF66 /* Resources */ = {
			isa = PBXGroup;
			children = (
				A705B8C8C03549CDAD4605F0 /* Andale Mono.ttf */,
				66976FAB044E4AE482DDD7F8 /* Arial Black.ttf */,
				6BF2590A9F0A4A818926D8C7 /* Arial.ttf */,
				DA145D34B866444599B0452D /* Comic Sans MS.ttf */,
				AE8C9E4310D44FD2B84D6AD7 /* Courier New.ttf */,
				81C499092DF5431AB319C94E /* Georgia.ttf */,
				B387B7AC1D1C47F595C6D36A /* Microsoft Sans Serif.ttf */,
				B6267909D2C7441CA8E80757 /* Roboto_medium.ttf */,
				BCD312AB7F3844D0BD983024 /* Roboto.ttf */,
				D8901ABCF16749DA8E3E504F /* SF-UI-Text-Regular.otf */,
				58018C511B8640C7B627D0A2 /* Skia.ttf */,
				E450FFE5D8B945F38842C66A /* Times New Roman.ttf */,
			);
			name = Resources;
			sourceTree = "<group>";
		};
/* End PBXGroup section */

/* Begin PBXNativeTarget section */
		00E356ED1AD99517003FC87E /* ftfAppTests */ = {
			isa = PBXNativeTarget;
			buildConfigurationList = 00E357021AD99517003FC87E /* Build configuration list for PBXNativeTarget "ftfAppTests" */;
			buildPhases = (
				00E356EA1AD99517003FC87E /* Sources */,
				00E356EB1AD99517003FC87E /* Frameworks */,
				00E356EC1AD99517003FC87E /* Resources */,
			);
			buildRules = (
			);
			dependencies = (
				00E356F51AD99517003FC87E /* PBXTargetDependency */,
			);
			name = ftfAppTests;
			productName = ftfAppTests;
			productReference = 00E356EE1AD99517003FC87E /* ftfAppTests.xctest */;
			productType = "com.apple.product-type.bundle.unit-test";
		};
		13B07F861A680F5B00A75B9A /* ftfApp */ = {
			isa = PBXNativeTarget;
			buildConfigurationList = 13B07F931A680F5B00A75B9A /* Build configuration list for PBXNativeTarget "ftfApp" */;
			buildPhases = (
				13B07F871A680F5B00A75B9A /* Sources */,
				13B07F8C1A680F5B00A75B9A /* Frameworks */,
				13B07F8E1A680F5B00A75B9A /* Resources */,
				00DD1BFF1BD5951E006B06BC /* Bundle React Native code and images */,
			);
			buildRules = (
			);
			dependencies = (
			);
			name = ftfApp;
			productName = "Hello World";
			productReference = 13B07F961A680F5B00A75B9A /* ftfApp.app */;
			productType = "com.apple.product-type.application";
		};
/* End PBXNativeTarget section */

/* Begin PBXProject section */
		83CBB9F71A601CBA00E9B192 /* Project object */ = {
			isa = PBXProject;
			attributes = {
				LastUpgradeCheck = 810;
				ORGANIZATIONNAME = Facebook;
				TargetAttributes = {
					00E356ED1AD99517003FC87E = {
						CreatedOnToolsVersion = 6.2;
						TestTargetID = 13B07F861A680F5B00A75B9A;
					};
				};
			};
			buildConfigurationList = 83CBB9FA1A601CBA00E9B192 /* Build configuration list for PBXProject "ftfApp" */;
			compatibilityVersion = "Xcode 3.2";
			developmentRegion = English;
			hasScannedForEncodings = 0;
			knownRegions = (
				en,
				Base,
			);
			mainGroup = 83CBB9F61A601CBA00E9B192;
			productRefGroup = 83CBBA001A601CBA00E9B192 /* Products */;
			projectDirPath = "";
			projectReferences = (
				{
					ProductGroup = 8BD4011A1DE47D910003EFBF /* Products */;
					ProjectRef = BE3EDB09F9F0477596CE3C40 /* RCTOrientation.xcodeproj */;
				},
				{
					ProductGroup = 8BD4011C1DE47D910003EFBF /* Products */;
					ProjectRef = 344B91272E214B4AB4F2F7BD /* RCTSplashScreen.xcodeproj */;
				},
				{
					ProductGroup = 8BD4012F1DE47DE90003EFBF /* Products */;
					ProjectRef = 0354958DF28C4CBAA72B8AC6 /* RCTVideo.xcodeproj */;
				},
				{
					ProductGroup = 8BD401121DE477060003EFBF /* Products */;
					ProjectRef = 5181F6B782864E5593BFE02F /* ReactNativeAudioStreaming.xcodeproj */;
				},
				{
					ProductGroup = 8BD401181DE47D910003EFBF /* Products */;
					ProjectRef = D8C61978EDBF4CE782612391 /* RNAudioPlayer.xcodeproj */;
				},
			);
			projectRoot = "";
			targets = (
				13B07F861A680F5B00A75B9A /* ftfApp */,
				00E356ED1AD99517003FC87E /* ftfAppTests */,
			);
		};
/* End PBXProject section */

/* Begin PBXReferenceProxy section */
		8BD401161DE477060003EFBF /* libReactNativeAudioStreaming.a */ = {
			isa = PBXReferenceProxy;
			fileType = archive.ar;
			path = libReactNativeAudioStreaming.a;
			remoteRef = 8BD401151DE477060003EFBF /* PBXContainerItemProxy */;
			sourceTree = BUILT_PRODUCTS_DIR;
		};
		8BD401201DE47D910003EFBF /* libRCTOrientation.a */ = {
			isa = PBXReferenceProxy;
			fileType = archive.ar;
			path = libRCTOrientation.a;
			remoteRef = 8BD4011F1DE47D910003EFBF /* PBXContainerItemProxy */;
			sourceTree = BUILT_PRODUCTS_DIR;
		};
		8BD401231DE47D910003EFBF /* libRCTSplashScreen.a */ = {
			isa = PBXReferenceProxy;
			fileType = archive.ar;
			path = libRCTSplashScreen.a;
			remoteRef = 8BD401221DE47D910003EFBF /* PBXContainerItemProxy */;
			sourceTree = BUILT_PRODUCTS_DIR;
		};
		8BD401281DE47D910003EFBF /* libRNAudioPlayer.a */ = {
			isa = PBXReferenceProxy;
			fileType = archive.ar;
			path = libRNAudioPlayer.a;
			remoteRef = 8BD401271DE47D910003EFBF /* PBXContainerItemProxy */;
			sourceTree = BUILT_PRODUCTS_DIR;
		};
		8BD4012A1DE47D910003EFBF /* RNAudioPlayerTests.xctest */ = {
			isa = PBXReferenceProxy;
			fileType = wrapper.cfbundle;
			path = RNAudioPlayerTests.xctest;
			remoteRef = 8BD401291DE47D910003EFBF /* PBXContainerItemProxy */;
			sourceTree = BUILT_PRODUCTS_DIR;
		};
		8BD401351DE47DEA0003EFBF /* libRCTVideo.a */ = {
			isa = PBXReferenceProxy;
			fileType = archive.ar;
			path = libRCTVideo.a;
			remoteRef = 8BD401341DE47DEA0003EFBF /* PBXContainerItemProxy */;
			sourceTree = BUILT_PRODUCTS_DIR;
		};
/* End PBXReferenceProxy section */

/* Begin PBXResourcesBuildPhase section */
		00E356EC1AD99517003FC87E /* Resources */ = {
			isa = PBXResourcesBuildPhase;
			buildActionMask = 2147483647;
			files = (
			);
			runOnlyForDeploymentPostprocessing = 0;
		};
		13B07F8E1A680F5B00A75B9A /* Resources */ = {
			isa = PBXResourcesBuildPhase;
			buildActionMask = 2147483647;
			files = (
				13B07FBF1A68108700A75B9A /* Images.xcassets in Resources */,
				D588FA74C4C54A028F89EFF7 /* Andale Mono.ttf in Resources */,
				1EDA38FA18114D1E8E09AC70 /* Arial Black.ttf in Resources */,
				9585C578524248F1A63FD7E6 /* Arial.ttf in Resources */,
				84B24CB57F1F4A139998600A /* Comic Sans MS.ttf in Resources */,
				B62EA705B59C4B9FAA73DE4D /* Courier New.ttf in Resources */,
				50E55B64DFAB4BE29EE0348E /* Georgia.ttf in Resources */,
				187C7CB089D74B21A3753C2D /* Microsoft Sans Serif.ttf in Resources */,
				B2AA183A72F24F27A50BD6E3 /* Roboto_medium.ttf in Resources */,
				C911A748F92344799B8E2779 /* Roboto.ttf in Resources */,
				F8912D42B0C74E5194FCED42 /* SF-UI-Text-Regular.otf in Resources */,
				A1D57E612D4C454AAF5986E8 /* Skia.ttf in Resources */,
				5EC61BCF0ED9441D8C203C9D /* Times New Roman.ttf in Resources */,
				8B54B15C1DDF43B1008983F5 /* splash-sound.wav in Resources */,
			);
			runOnlyForDeploymentPostprocessing = 0;
		};
/* End PBXResourcesBuildPhase section */

/* Begin PBXShellScriptBuildPhase section */
		00DD1BFF1BD5951E006B06BC /* Bundle React Native code and images */ = {
			isa = PBXShellScriptBuildPhase;
			buildActionMask = 2147483647;
			files = (
			);
			inputPaths = (
			);
			name = "Bundle React Native code and images";
			outputPaths = (
			);
			runOnlyForDeploymentPostprocessing = 0;
			shellPath = /bin/sh;
			shellScript = "export NODE_BINARY=node\n../node_modules/react-native/packager/react-native-xcode.sh";
		};
/* End PBXShellScriptBuildPhase section */

/* Begin PBXSourcesBuildPhase section */
		00E356EA1AD99517003FC87E /* Sources */ = {
			isa = PBXSourcesBuildPhase;
			buildActionMask = 2147483647;
			files = (
				00E356F31AD99517003FC87E /* ftfAppTests.m in Sources */,
			);
			runOnlyForDeploymentPostprocessing = 0;
		};
		13B07F871A680F5B00A75B9A /* Sources */ = {
			isa = PBXSourcesBuildPhase;
			buildActionMask = 2147483647;
			files = (
				13B07FBC1A68108700A75B9A /* AppDelegate.m in Sources */,
			);
			runOnlyForDeploymentPostprocessing = 0;
		};
/* End PBXSourcesBuildPhase section */

/* Begin PBXTargetDependency section */
		00E356F51AD99517003FC87E /* PBXTargetDependency */ = {
			isa = PBXTargetDependency;
			target = 13B07F861A680F5B00A75B9A /* ftfApp */;
			targetProxy = 00E356F41AD99517003FC87E /* PBXContainerItemProxy */;
		};
/* End PBXTargetDependency section */

/* Begin XCBuildConfiguration section */
		00E356F61AD99517003FC87E /* Debug */ = {
			isa = XCBuildConfiguration;
			buildSettings = {
				BUNDLE_LOADER = "$(TEST_HOST)";
				GCC_PREPROCESSOR_DEFINITIONS = (
					"DEBUG=1",
					"$(inherited)",
				);
				INFOPLIST_FILE = ftfAppTests/Info.plist;
				IPHONEOS_DEPLOYMENT_TARGET = 8.0;
				LD_RUNPATH_SEARCH_PATHS = "$(inherited) @executable_path/Frameworks @loader_path/Frameworks";
				LIBRARY_SEARCH_PATHS = (
					"$(inherited)",
					"\"$(SRCROOT)/$(TARGET_NAME)\"",
					"\"$(SRCROOT)/$(TARGET_NAME)\"",
				);
				PRODUCT_BUNDLE_IDENTIFIER = "org.reactjs.native.example.$(PRODUCT_NAME:rfc1034identifier)";
				PRODUCT_NAME = "$(TARGET_NAME)";
				TEST_HOST = "$(BUILT_PRODUCTS_DIR)/ftfApp.app/ftfApp";
			};
			name = Debug;
		};
		00E356F71AD99517003FC87E /* Release */ = {
			isa = XCBuildConfiguration;
			buildSettings = {
				BUNDLE_LOADER = "$(TEST_HOST)";
				COPY_PHASE_STRIP = NO;
				INFOPLIST_FILE = ftfAppTests/Info.plist;
				IPHONEOS_DEPLOYMENT_TARGET = 8.0;
				LD_RUNPATH_SEARCH_PATHS = "$(inherited) @executable_path/Frameworks @loader_path/Frameworks";
				LIBRARY_SEARCH_PATHS = (
					"$(inherited)",
					"\"$(SRCROOT)/$(TARGET_NAME)\"",
					"\"$(SRCROOT)/$(TARGET_NAME)\"",
				);
				PRODUCT_BUNDLE_IDENTIFIER = "org.reactjs.native.example.$(PRODUCT_NAME:rfc1034identifier)";
				PRODUCT_NAME = "$(TARGET_NAME)";
				TEST_HOST = "$(BUILT_PRODUCTS_DIR)/ftfApp.app/ftfApp";
			};
			name = Release;
		};
		13B07F941A680F5B00A75B9A /* Debug */ = {
			isa = XCBuildConfiguration;
			buildSettings = {
				ASSETCATALOG_COMPILER_APPICON_NAME = AppIcon;
				ASSETCATALOG_COMPILER_LAUNCHIMAGE_NAME = LaunchImage;
				CURRENT_PROJECT_VERSION = 1;
				DEAD_CODE_STRIPPING = NO;
				HEADER_SEARCH_PATHS = (
					"$(inherited)",
					/Applications/Xcode.app/Contents/Developer/Toolchains/XcodeDefault.xctoolchain/usr/include,
					"$(SRCROOT)/../node_modules/react-native/React/**",
					"$(SRCROOT)/../node_modules/react-native-video",
					"$(SRCROOT)/../node_modules/react-native-audioplayer",
					"$(SRCROOT)/../node_modules/rn-splash-screen/ios/RCTSplashScreen/**",
					"$(SRCROOT)/../node_modules/react-native-orientation/iOS/RCTOrientation/**",
					"$(SRCROOT)/../node_modules/react-native-audio-streaming/ios/**",
					"$(SRCROOT)/../node_modules/react-native-audioplayer",
					"$(SRCROOT)/../node_modules/react-native-orientation/iOS/RCTOrientation/**",
					"$(SRCROOT)/../node_modules/rn-splash-screen/ios/RCTSplashScreen/**",
					"$(SRCROOT)/../node_modules/react-native-video",
				);
				INFOPLIST_FILE = ftfApp/Info.plist;
				LD_RUNPATH_SEARCH_PATHS = "$(inherited) @executable_path/Frameworks";
				OTHER_LDFLAGS = (
					"$(inherited)",
					"-ObjC",
					"-lc++",
				);
				PRODUCT_BUNDLE_IDENTIFIER = org.f5.ftfApp;
				PRODUCT_NAME = ftfApp;
				VERSIONING_SYSTEM = "apple-generic";
			};
			name = Debug;
		};
		13B07F951A680F5B00A75B9A /* Release */ = {
			isa = XCBuildConfiguration;
			buildSettings = {
				ASSETCATALOG_COMPILER_APPICON_NAME = AppIcon;
				ASSETCATALOG_COMPILER_LAUNCHIMAGE_NAME = LaunchImage;
				CURRENT_PROJECT_VERSION = 1;
				HEADER_SEARCH_PATHS = (
					"$(inherited)",
					/Applications/Xcode.app/Contents/Developer/Toolchains/XcodeDefault.xctoolchain/usr/include,
					"$(SRCROOT)/../node_modules/react-native/React/**",
					"$(SRCROOT)/../node_modules/react-native-video",
					"$(SRCROOT)/../node_modules/react-native-audioplayer",
					"$(SRCROOT)/../node_modules/rn-splash-screen/ios/RCTSplashScreen/**",
					"$(SRCROOT)/../node_modules/react-native-orientation/iOS/RCTOrientation/**",
					"$(SRCROOT)/../node_modules/react-native-audio-streaming/ios/**",
					"$(SRCROOT)/../node_modules/react-native-audioplayer",
					"$(SRCROOT)/../node_modules/react-native-orientation/iOS/RCTOrientation/**",
					"$(SRCROOT)/../node_modules/rn-splash-screen/ios/RCTSplashScreen/**",
					"$(SRCROOT)/../node_modules/react-native-video",
				);
				INFOPLIST_FILE = ftfApp/Info.plist;
				LD_RUNPATH_SEARCH_PATHS = "$(inherited) @executable_path/Frameworks";
				OTHER_LDFLAGS = (
					"$(inherited)",
					"-ObjC",
					"-lc++",
				);
				PRODUCT_BUNDLE_IDENTIFIER = org.f5.ftfApp;
				PRODUCT_NAME = ftfApp;
				VERSIONING_SYSTEM = "apple-generic";
			};
			name = Release;
		};
		83CBBA201A601CBA00E9B192 /* Debug */ = {
			isa = XCBuildConfiguration;
			buildSettings = {
				ALWAYS_SEARCH_USER_PATHS = NO;
				CLANG_CXX_LANGUAGE_STANDARD = "gnu++0x";
				CLANG_CXX_LIBRARY = "libc++";
				CLANG_ENABLE_MODULES = YES;
				CLANG_ENABLE_OBJC_ARC = YES;
				CLANG_WARN_BOOL_CONVERSION = YES;
				CLANG_WARN_CONSTANT_CONVERSION = YES;
				CLANG_WARN_DIRECT_OBJC_ISA_USAGE = YES_ERROR;
				CLANG_WARN_EMPTY_BODY = YES;
				CLANG_WARN_ENUM_CONVERSION = YES;
				CLANG_WARN_INFINITE_RECURSION = YES;
				CLANG_WARN_INT_CONVERSION = YES;
				CLANG_WARN_OBJC_ROOT_CLASS = YES_ERROR;
				CLANG_WARN_SUSPICIOUS_MOVE = YES;
				CLANG_WARN_UNREACHABLE_CODE = YES;
				CLANG_WARN__DUPLICATE_METHOD_MATCH = YES;
				"CODE_SIGN_IDENTITY[sdk=iphoneos*]" = "iPhone Developer";
				COPY_PHASE_STRIP = NO;
				ENABLE_STRICT_OBJC_MSGSEND = YES;
				ENABLE_TESTABILITY = YES;
				GCC_C_LANGUAGE_STANDARD = gnu99;
				GCC_DYNAMIC_NO_PIC = NO;
				GCC_NO_COMMON_BLOCKS = YES;
				GCC_OPTIMIZATION_LEVEL = 0;
				GCC_PREPROCESSOR_DEFINITIONS = (
					"DEBUG=1",
					"$(inherited)",
				);
				GCC_SYMBOLS_PRIVATE_EXTERN = NO;
				GCC_WARN_64_TO_32_BIT_CONVERSION = YES;
				GCC_WARN_ABOUT_RETURN_TYPE = YES_ERROR;
				GCC_WARN_UNDECLARED_SELECTOR = YES;
				GCC_WARN_UNINITIALIZED_AUTOS = YES_AGGRESSIVE;
				GCC_WARN_UNUSED_FUNCTION = YES;
				GCC_WARN_UNUSED_VARIABLE = YES;
				HEADER_SEARCH_PATHS = (
					"$(inherited)",
					/Applications/Xcode.app/Contents/Developer/Toolchains/XcodeDefault.xctoolchain/usr/include,
					"$(SRCROOT)/../node_modules/react-native/React/**",
					"$(SRCROOT)/../node_modules/react-native-video",
					"$(SRCROOT)/../node_modules/react-native-audioplayer",
					"$(SRCROOT)/../node_modules/rn-splash-screen/ios/RCTSplashScreen/**",
					"$(SRCROOT)/../node_modules/react-native-orientation/iOS/RCTOrientation/**",
					"$(SRCROOT)/../node_modules/react-native-audio-streaming/ios/**",
					"$(SRCROOT)/../node_modules/react-native-audioplayer",
					"$(SRCROOT)/../node_modules/react-native-orientation/iOS/RCTOrientation/**",
					"$(SRCROOT)/../node_modules/rn-splash-screen/ios/RCTSplashScreen/**",
					"$(SRCROOT)/../node_modules/react-native-video",
				);
				IPHONEOS_DEPLOYMENT_TARGET = 8.0;
				MTL_ENABLE_DEBUG_INFO = YES;
				ONLY_ACTIVE_ARCH = YES;
				SDKROOT = iphoneos;
			};
			name = Debug;
		};
		83CBBA211A601CBA00E9B192 /* Release */ = {
			isa = XCBuildConfiguration;
			buildSettings = {
				ALWAYS_SEARCH_USER_PATHS = NO;
				CLANG_CXX_LANGUAGE_STANDARD = "gnu++0x";
				CLANG_CXX_LIBRARY = "libc++";
				CLANG_ENABLE_MODULES = YES;
				CLANG_ENABLE_OBJC_ARC = YES;
				CLANG_WARN_BOOL_CONVERSION = YES;
				CLANG_WARN_CONSTANT_CONVERSION = YES;
				CLANG_WARN_DIRECT_OBJC_ISA_USAGE = YES_ERROR;
				CLANG_WARN_EMPTY_BODY = YES;
				CLANG_WARN_ENUM_CONVERSION = YES;
				CLANG_WARN_INFINITE_RECURSION = YES;
				CLANG_WARN_INT_CONVERSION = YES;
				CLANG_WARN_OBJC_ROOT_CLASS = YES_ERROR;
				CLANG_WARN_SUSPICIOUS_MOVE = YES;
				CLANG_WARN_UNREACHABLE_CODE = YES;
				CLANG_WARN__DUPLICATE_METHOD_MATCH = YES;
				"CODE_SIGN_IDENTITY[sdk=iphoneos*]" = "iPhone Developer";
				COPY_PHASE_STRIP = YES;
				ENABLE_NS_ASSERTIONS = NO;
				ENABLE_STRICT_OBJC_MSGSEND = YES;
				GCC_C_LANGUAGE_STANDARD = gnu99;
				GCC_NO_COMMON_BLOCKS = YES;
				GCC_WARN_64_TO_32_BIT_CONVERSION = YES;
				GCC_WARN_ABOUT_RETURN_TYPE = YES_ERROR;
				GCC_WARN_UNDECLARED_SELECTOR = YES;
				GCC_WARN_UNINITIALIZED_AUTOS = YES_AGGRESSIVE;
				GCC_WARN_UNUSED_FUNCTION = YES;
				GCC_WARN_UNUSED_VARIABLE = YES;
				HEADER_SEARCH_PATHS = (
					"$(inherited)",
					/Applications/Xcode.app/Contents/Developer/Toolchains/XcodeDefault.xctoolchain/usr/include,
					"$(SRCROOT)/../node_modules/react-native/React/**",
					"$(SRCROOT)/../node_modules/react-native-video",
					"$(SRCROOT)/../node_modules/react-native-audioplayer",
					"$(SRCROOT)/../node_modules/rn-splash-screen/ios/RCTSplashScreen/**",
					"$(SRCROOT)/../node_modules/react-native-orientation/iOS/RCTOrientation/**",
					"$(SRCROOT)/../node_modules/react-native-audio-streaming/ios/**",
					"$(SRCROOT)/../node_modules/react-native-audioplayer",
					"$(SRCROOT)/../node_modules/react-native-orientation/iOS/RCTOrientation/**",
					"$(SRCROOT)/../node_modules/rn-splash-screen/ios/RCTSplashScreen/**",
					"$(SRCROOT)/../node_modules/react-native-video",
				);
				IPHONEOS_DEPLOYMENT_TARGET = 8.0;
				MTL_ENABLE_DEBUG_INFO = NO;
				SDKROOT = iphoneos;
				VALIDATE_PRODUCT = YES;
			};
			name = Release;
		};
/* End XCBuildConfiguration section */

/* Begin XCConfigurationList section */
		00E357021AD99517003FC87E /* Build configuration list for PBXNativeTarget "ftfAppTests" */ = {
			isa = XCConfigurationList;
			buildConfigurations = (
				00E356F61AD99517003FC87E /* Debug */,
				00E356F71AD99517003FC87E /* Release */,
			);
			defaultConfigurationIsVisible = 0;
			defaultConfigurationName = Release;
		};
		13B07F931A680F5B00A75B9A /* Build configuration list for PBXNativeTarget "ftfApp" */ = {
			isa = XCConfigurationList;
			buildConfigurations = (
				13B07F941A680F5B00A75B9A /* Debug */,
				13B07F951A680F5B00A75B9A /* Release */,
			);
			defaultConfigurationIsVisible = 0;
			defaultConfigurationName = Release;
		};
		83CBB9FA1A601CBA00E9B192 /* Build configuration list for PBXProject "ftfApp" */ = {
			isa = XCConfigurationList;
			buildConfigurations = (
				83CBBA201A601CBA00E9B192 /* Debug */,
				83CBBA211A601CBA00E9B192 /* Release */,
			);
			defaultConfigurationIsVisible = 0;
			defaultConfigurationName = Release;
		};
/* End XCConfigurationList section */
	};
	rootObject = 83CBB9F71A601CBA00E9B192 /* Project object */;
}
